
Microsoft Visual Studio Solution File, Format Version 12.00
# Visual Studio Version 17
VisualStudioVersion = 17.0.32126.317
MinimumVisualStudioVersion = 10.0.40219.1
Project("{9A19103F-16F7-4668-BE54-9A1E7A4F7556}") = "Core", "Core\Core.csproj", "{439891AC-F2A0-449F-ACD6-EA20F576B69E}"
EndProject
Project("{9A19103F-16F7-4668-BE54-9A1E7A4F7556}") = "Repository", "Repository\Repository.csproj", "{52E24226-CFFE-4597-953D-2B3588F78C4A}"
EndProject
Project("{9A19103F-16F7-4668-BE54-9A1E7A4F7556}") = "Service", "Service\Service.csproj", "{714CF033-79BE-435E-AB09-6AFC46F7ED03}"
EndProject
Project("{9A19103F-16F7-4668-BE54-9A1E7A4F7556}") = "Api", "Api\Api.csproj", "{537FD45C-C9D6-4943-A97C-8154FB7A0AAD}"
EndProject
Project("{9A19103F-16F7-4668-BE54-9A1E7A4F7556}") = "BlazorUi", "BlazorUi\BlazorUi.csproj", "{2506E633-64F5-4E5B-8AB9-A2A93C0ED6E5}"
EndProject
Global
	GlobalSection(SolutionConfigurationPlatforms) = preSolution
		Debug|Any CPU = Debug|Any CPU
		Release|Any CPU = Release|Any CPU
	EndGlobalSection
	GlobalSection(ProjectConfigurationPlatforms) = postSolution
		{439891AC-F2A0-449F-ACD6-EA20F576B69E}.Debug|Any CPU.ActiveCfg = Debug|Any CPU
		{439891AC-F2A0-449F-ACD6-EA20F576B69E}.Debug|Any CPU.Build.0 = Debug|Any CPU
		{439891AC-F2A0-449F-ACD6-EA20F576B69E}.Release|Any CPU.ActiveCfg = Release|Any CPU
		{439891AC-F2A0-449F-ACD6-EA20F576B69E}.Release|Any CPU.Build.0 = Release|Any CPU
		{52E24226-CFFE-4597-953D-2B3588F78C4A}.Debug|Any CPU.ActiveCfg = Debug|Any CPU
		{52E24226-CFFE-4597-953D-2B3588F78C4A}.Debug|Any CPU.Build.0 = Debug|Any CPU
		{52E24226-CFFE-4597-953D-2B3588F78C4A}.Release|Any CPU.ActiveCfg = Release|Any CPU
		{52E24226-CFFE-4597-953D-2B3588F78C4A}.Release|Any CPU.Build.0 = Release|Any CPU
		{714CF033-79BE-435E-AB09-6AFC46F7ED03}.Debug|Any CPU.ActiveCfg = Debug|Any CPU
		{714CF033-79BE-435E-AB09-6AFC46F7ED03}.Debug|Any CPU.Build.0 = Debug|Any CPU
		{714CF033-79BE-435E-AB09-6AFC46F7ED03}.Release|Any CPU.ActiveCfg = Release|Any CPU
		{714CF033-79BE-435E-AB09-6AFC46F7ED03}.Release|Any CPU.Build.0 = Release|Any CPU
		{537FD45C-C9D6-4943-A97C-8154FB7A0AAD}.Debug|Any CPU.ActiveCfg = Debug|Any CPU
		{537FD45C-C9D6-4943-A97C-8154FB7A0AAD}.Debug|Any CPU.Build.0 = Debug|Any CPU
		{537FD45C-C9D6-4943-A97C-8154FB7A0AAD}.Release|Any CPU.ActiveCfg = Release|Any CPU
		{537FD45C-C9D6-4943-A97C-8154FB7A0AAD}.Release|Any CPU.Build.0 = Release|Any CPU
		{2506E633-64F5-4E5B-8AB9-A2A93C0ED6E5}.Debug|Any CPU.ActiveCfg = Debug|Any CPU
		{2506E633-64F5-4E5B-8AB9-A2A93C0ED6E5}.Debug|Any CPU.Build.0 = Debug|Any CPU
		{2506E633-64F5-4E5B-8AB9-A2A93C0ED6E5}.Release|Any CPU.ActiveCfg = Release|Any CPU
		{2506E633-64F5-4E5B-8AB9-A2A93C0ED6E5}.Release|Any CPU.Build.0 = Release|Any CPU
	EndGlobalSection
	GlobalSection(SolutionProperties) = preSolution
		HideSolutionNode = FALSE
	EndGlobalSection
	GlobalSection(ExtensibilityGlobals) = postSolution
		SolutionGuid = {A4C241E4-3E84-4706-B219-27FBF984FE08}
	EndGlobalSection
EndGlobal
